
Microsoft Visual Studio Solution File, Format Version 12.00
# Visual Studio Version 17
VisualStudioVersion = 17.3.32922.545
MinimumVisualStudioVersion = 10.0.40219.1
Project("{8BC9CEB8-8B4A-11D0-8D11-00A0C91BC942}") = "Project8.1.4", "Project8.1.4\Project8.1.4.vcxproj", "{146A970B-A7DC-43F1-9126-8CCBCA30596E}"
EndProject
Project("{8BC9CEB8-8B4A-11D0-8D11-00A0C91BC942}") = "UnitTest1", "UnitTest1\UnitTest1.vcxproj", "{F28B818B-E13B-4051-BA1D-9C8FDCD1C999}"
EndProject
Global
	GlobalSection(SolutionConfigurationPlatforms) = preSolution
		Debug|x64 = Debug|x64
		Debug|x86 = Debug|x86
		Release|x64 = Release|x64
		Release|x86 = Release|x86
	EndGlobalSection
	GlobalSection(ProjectConfigurationPlatforms) = postSolution
		{146A970B-A7DC-43F1-9126-8CCBCA30596E}.Debug|x64.ActiveCfg = Debug|x64
		{146A970B-A7DC-43F1-9126-8CCBCA30596E}.Debug|x64.Build.0 = Debug|x64
		{146A970B-A7DC-43F1-9126-8CCBCA30596E}.Debug|x86.ActiveCfg = Debug|Win32
		{146A970B-A7DC-43F1-9126-8CCBCA30596E}.Debug|x86.Build.0 = Debug|Win32
		{146A970B-A7DC-43F1-9126-8CCBCA30596E}.Release|x64.ActiveCfg = Release|x64
		{146A970B-A7DC-43F1-9126-8CCBCA30596E}.Release|x64.Build.0 = Release|x64
		{146A970B-A7DC-43F1-9126-8CCBCA30596E}.Release|x86.ActiveCfg = Release|Win32
		{146A970B-A7DC-43F1-9126-8CCBCA30596E}.Release|x86.Build.0 = Release|Win32
		{F28B818B-E13B-4051-BA1D-9C8FDCD1C999}.Debug|x64.ActiveCfg = Debug|x64
		{F28B818B-E13B-4051-BA1D-9C8FDCD1C999}.Debug|x64.Build.0 = Debug|x64
		{F28B818B-E13B-4051-BA1D-9C8FDCD1C999}.Debug|x86.ActiveCfg = Debug|Win32
		{F28B818B-E13B-4051-BA1D-9C8FDCD1C999}.Debug|x86.Build.0 = Debug|Win32
		{F28B818B-E13B-4051-BA1D-9C8FDCD1C999}.Release|x64.ActiveCfg = Release|x64
		{F28B818B-E13B-4051-BA1D-9C8FDCD1C999}.Release|x64.Build.0 = Release|x64
		{F28B818B-E13B-4051-BA1D-9C8FDCD1C999}.Release|x86.ActiveCfg = Release|Win32
		{F28B818B-E13B-4051-BA1D-9C8FDCD1C999}.Release|x86.Build.0 = Release|Win32
	EndGlobalSection
	GlobalSection(SolutionProperties) = preSolution
		HideSolutionNode = FALSE
	EndGlobalSection
	GlobalSection(ExtensibilityGlobals) = postSolution
		SolutionGuid = {5344A385-71DF-4DAB-BB9B-C8EA616E2FB0}
	EndGlobalSection
EndGlobal
